
Microsoft Visual Studio Solution File, Format Version 12.00
# Visual Studio Version 17
VisualStudioVersion = 17.2.32802.462
MinimumVisualStudioVersion = 10.0.40219.1
Project("{9A19103F-16F7-4668-BE54-9A1E7A4F7556}") = "ScryfallWrapper", "ScryfallWrapper\ScryfallWrapper.csproj", "{75830132-D986-4D55-8B3F-AD196AC8CF6A}"
EndProject
Project("{FAE04EC0-301F-11D3-BF4B-00C04F79EFBC}") = "ScryfallScripts", "ScryfallScripts\ScryfallScripts.csproj", "{A3A2F9F6-FA57-4BAA-87BE-200DCDB8E592}"
EndProject
Global
	GlobalSection(SolutionConfigurationPlatforms) = preSolution
		Debug|Any CPU = Debug|Any CPU
		Release|Any CPU = Release|Any CPU
	EndGlobalSection
	GlobalSection(ProjectConfigurationPlatforms) = postSolution
		{75830132-D986-4D55-8B3F-AD196AC8CF6A}.Debug|Any CPU.ActiveCfg = Debug|Any CPU
		{75830132-D986-4D55-8B3F-AD196AC8CF6A}.Debug|Any CPU.Build.0 = Debug|Any CPU
		{75830132-D986-4D55-8B3F-AD196AC8CF6A}.Release|Any CPU.ActiveCfg = Release|Any CPU
		{75830132-D986-4D55-8B3F-AD196AC8CF6A}.Release|Any CPU.Build.0 = Release|Any CPU
		{A3A2F9F6-FA57-4BAA-87BE-200DCDB8E592}.Debug|Any CPU.ActiveCfg = Debug|Any CPU
		{A3A2F9F6-FA57-4BAA-87BE-200DCDB8E592}.Debug|Any CPU.Build.0 = Debug|Any CPU
		{A3A2F9F6-FA57-4BAA-87BE-200DCDB8E592}.Release|Any CPU.ActiveCfg = Release|Any CPU
		{A3A2F9F6-FA57-4BAA-87BE-200DCDB8E592}.Release|Any CPU.Build.0 = Release|Any CPU
	EndGlobalSection
	GlobalSection(SolutionProperties) = preSolution
		HideSolutionNode = FALSE
	EndGlobalSection
	GlobalSection(ExtensibilityGlobals) = postSolution
		SolutionGuid = {B8C373F7-90E5-4572-B742-A65FF1C78A5C}
	EndGlobalSection
EndGlobal
